
Microsoft Visual Studio Solution File, Format Version 12.00
# Visual Studio Version 16
VisualStudioVersion = 16.0.29025.244
MinimumVisualStudioVersion = 10.0.40219.1
Project("{FAE04EC0-301F-11D3-BF4B-00C04F79EFBC}") = "BillsPaymentSystem", "BillsPaymentSystem\BillsPaymentSystem.csproj", "{727CB076-DDB9-4C4B-9736-CAE54CEC351F}"
EndProject
Global
	GlobalSection(SolutionConfigurationPlatforms) = preSolution
		Debug|Any CPU = Debug|Any CPU
		Release|Any CPU = Release|Any CPU
	EndGlobalSection
	GlobalSection(ProjectConfigurationPlatforms) = postSolution
		{727CB076-DDB9-4C4B-9736-CAE54CEC351F}.Debug|Any CPU.ActiveCfg = Debug|Any CPU
		{727CB076-DDB9-4C4B-9736-CAE54CEC351F}.Debug|Any CPU.Build.0 = Debug|Any CPU
		{727CB076-DDB9-4C4B-9736-CAE54CEC351F}.Release|Any CPU.ActiveCfg = Release|Any CPU
		{727CB076-DDB9-4C4B-9736-CAE54CEC351F}.Release|Any CPU.Build.0 = Release|Any CPU
	EndGlobalSection
	GlobalSection(SolutionProperties) = preSolution
		HideSolutionNode = FALSE
	EndGlobalSection
	GlobalSection(ExtensibilityGlobals) = postSolution
		SolutionGuid = {C2656CAF-238B-40E7-87CF-3FD425269FFE}
	EndGlobalSection
EndGlobal
